// !$*UTF8*$!
{
	archiveVersion = 1;
	classes = {
	};
	objectVersion = 56;
	objects = {

/* Begin PBXBuildFile section */
		B62493B02B700B59009B9D9F /* AppDelegate.swift in Sources */ = {isa = PBXBuildFile; fileRef = B62493AF2B700B59009B9D9F /* AppDelegate.swift */; };
		B62493B22B700B59009B9D9F /* SceneDelegate.swift in Sources */ = {isa = PBXBuildFile; fileRef = B62493B12B700B59009B9D9F /* SceneDelegate.swift */; };
		B62493B42B700B59009B9D9F /* AlbumsViewController.swift in Sources */ = {isa = PBXBuildFile; fileRef = B62493B32B700B59009B9D9F /* AlbumsViewController.swift */; };
		B62493B92B700B5A009B9D9F /* Assets.xcassets in Resources */ = {isa = PBXBuildFile; fileRef = B62493B82B700B5A009B9D9F /* Assets.xcassets */; };
		B62493BC2B700B5A009B9D9F /* LaunchScreen.storyboard in Resources */ = {isa = PBXBuildFile; fileRef = B62493BA2B700B5A009B9D9F /* LaunchScreen.storyboard */; };
		B62493C42B700FB1009B9D9F /* .gitignore in Resources */ = {isa = PBXBuildFile; fileRef = B62493C32B700FB1009B9D9F /* .gitignore */; };
		B62493C72B700FCE009B9D9F /* README.md in Resources */ = {isa = PBXBuildFile; fileRef = B62493C62B700FCE009B9D9F /* README.md */; };
		B62493D52B701C46009B9D9F /* SnapKit in Frameworks */ = {isa = PBXBuildFile; productRef = B62493D42B701C46009B9D9F /* SnapKit */; };
		B62493D72B701C46009B9D9F /* SnapKit-Dynamic in Frameworks */ = {isa = PBXBuildFile; productRef = B62493D62B701C46009B9D9F /* SnapKit-Dynamic */; };
		B62493D92B702522009B9D9F /* ImageCell.swift in Sources */ = {isa = PBXBuildFile; fileRef = B62493D82B702522009B9D9F /* ImageCell.swift */; };
		B624940F2B73B49F009B9D9F /* LibraryViewController.swift in Sources */ = {isa = PBXBuildFile; fileRef = B624940E2B73B49F009B9D9F /* LibraryViewController.swift */; };
		B62494112B73B5E4009B9D9F /* ForYouViewController.swift in Sources */ = {isa = PBXBuildFile; fileRef = B62494102B73B5E4009B9D9F /* ForYouViewController.swift */; };
		B62494132B73B620009B9D9F /* SearchViewController.swift in Sources */ = {isa = PBXBuildFile; fileRef = B62494122B73B620009B9D9F /* SearchViewController.swift */; };
		B62494152B745C70009B9D9F /* ImageCellModel.swift in Sources */ = {isa = PBXBuildFile; fileRef = B62494142B745C70009B9D9F /* ImageCellModel.swift */; };
		B62494172B747717009B9D9F /* CustomHeader.swift in Sources */ = {isa = PBXBuildFile; fileRef = B62494162B747717009B9D9F /* CustomHeader.swift */; };
		B624941A2B7580E6009B9D9F /* SharedCell.swift in Sources */ = {isa = PBXBuildFile; fileRef = B62494192B7580E6009B9D9F /* SharedCell.swift */; };
/* End PBXBuildFile section */

/* Begin PBXFileReference section */
		B62493AC2B700B59009B9D9F /* iOS12-HW14-Andrey-Manuilov.app */ = {isa = PBXFileReference; explicitFileType = wrapper.application; includeInIndex = 0; path = "iOS12-HW14-Andrey-Manuilov.app"; sourceTree = BUILT_PRODUCTS_DIR; };
		B62493AF2B700B59009B9D9F /* AppDelegate.swift */ = {isa = PBXFileReference; lastKnownFileType = sourcecode.swift; path = AppDelegate.swift; sourceTree = "<group>"; };
		B62493B12B700B59009B9D9F /* SceneDelegate.swift */ = {isa = PBXFileReference; lastKnownFileType = sourcecode.swift; path = SceneDelegate.swift; sourceTree = "<group>"; };
		B62493B32B700B59009B9D9F /* AlbumsViewController.swift */ = {isa = PBXFileReference; lastKnownFileType = sourcecode.swift; path = AlbumsViewController.swift; sourceTree = "<group>"; };
		B62493B82B700B5A009B9D9F /* Assets.xcassets */ = {isa = PBXFileReference; lastKnownFileType = folder.assetcatalog; path = Assets.xcassets; sourceTree = "<group>"; };
		B62493BB2B700B5A009B9D9F /* Base */ = {isa = PBXFileReference; lastKnownFileType = file.storyboard; name = Base; path = Base.lproj/LaunchScreen.storyboard; sourceTree = "<group>"; };
		B62493BD2B700B5A009B9D9F /* Info.plist */ = {isa = PBXFileReference; lastKnownFileType = text.plist.xml; path = Info.plist; sourceTree = "<group>"; };
		B62493C32B700FB1009B9D9F /* .gitignore */ = {isa = PBXFileReference; lastKnownFileType = text; path = .gitignore; sourceTree = "<group>"; };
		B62493C62B700FCE009B9D9F /* README.md */ = {isa = PBXFileReference; lastKnownFileType = net.daringfireball.markdown; path = README.md; sourceTree = "<group>"; };
		B62493D82B702522009B9D9F /* ImageCell.swift */ = {isa = PBXFileReference; lastKnownFileType = sourcecode.swift; path = ImageCell.swift; sourceTree = "<group>"; };
		B624940E2B73B49F009B9D9F /* LibraryViewController.swift */ = {isa = PBXFileReference; lastKnownFileType = sourcecode.swift; path = LibraryViewController.swift; sourceTree = "<group>"; };
		B62494102B73B5E4009B9D9F /* ForYouViewController.swift */ = {isa = PBXFileReference; lastKnownFileType = sourcecode.swift; path = ForYouViewController.swift; sourceTree = "<group>"; };
		B62494122B73B620009B9D9F /* SearchViewController.swift */ = {isa = PBXFileReference; lastKnownFileType = sourcecode.swift; path = SearchViewController.swift; sourceTree = "<group>"; };
		B62494142B745C70009B9D9F /* ImageCellModel.swift */ = {isa = PBXFileReference; lastKnownFileType = sourcecode.swift; path = ImageCellModel.swift; sourceTree = "<group>"; };
		B62494162B747717009B9D9F /* CustomHeader.swift */ = {isa = PBXFileReference; lastKnownFileType = sourcecode.swift; path = CustomHeader.swift; sourceTree = "<group>"; };
		B62494192B7580E6009B9D9F /* SharedCell.swift */ = {isa = PBXFileReference; lastKnownFileType = sourcecode.swift; path = SharedCell.swift; sourceTree = "<group>"; };
/* End PBXFileReference section */

/* Begin PBXFrameworksBuildPhase section */
		B62493A92B700B59009B9D9F /* Frameworks */ = {
			isa = PBXFrameworksBuildPhase;
			buildActionMask = 2147483647;
			files = (
				B62493D52B701C46009B9D9F /* SnapKit in Frameworks */,
				B62493D72B701C46009B9D9F /* SnapKit-Dynamic in Frameworks */,
			);
			runOnlyForDeploymentPostprocessing = 0;
		};
/* End PBXFrameworksBuildPhase section */

/* Begin PBXGroup section */
		B62493A32B700B59009B9D9F = {
			isa = PBXGroup;
			children = (
				B62493C62B700FCE009B9D9F /* README.md */,
				B62493C32B700FB1009B9D9F /* .gitignore */,
				B62493AE2B700B59009B9D9F /* iOS12-HW14-Andrey-Manuilov */,
				B62493AD2B700B59009B9D9F /* Products */,
			);
			sourceTree = "<group>";
		};
		B62493AD2B700B59009B9D9F /* Products */ = {
			isa = PBXGroup;
			children = (
				B62493AC2B700B59009B9D9F /* iOS12-HW14-Andrey-Manuilov.app */,
			);
			name = Products;
			sourceTree = "<group>";
		};
		B62493AE2B700B59009B9D9F /* iOS12-HW14-Andrey-Manuilov */ = {
			isa = PBXGroup;
			children = (
				B62493CA2B701266009B9D9F /* Sources */,
				B62493C82B7011B4009B9D9F /* Resources */,
			);
			path = "iOS12-HW14-Andrey-Manuilov";
			sourceTree = "<group>";
		};
		B62493C82B7011B4009B9D9F /* Resources */ = {
			isa = PBXGroup;
			children = (
				B62493B82B700B5A009B9D9F /* Assets.xcassets */,
				B62493C92B70122F009B9D9F /* Configuration */,
			);
			path = Resources;
			sourceTree = "<group>";
		};
		B62493C92B70122F009B9D9F /* Configuration */ = {
			isa = PBXGroup;
			children = (
				B62493BD2B700B5A009B9D9F /* Info.plist */,
			);
			path = Configuration;
			sourceTree = "<group>";
		};
		B62493CA2B701266009B9D9F /* Sources */ = {
			isa = PBXGroup;
			children = (
				B62494182B750FF4009B9D9F /* Cells */,
				B62493CF2B70189D009B9D9F /* Models */,
				B62493CE2B701894009B9D9F /* Views */,
				B62493CD2B701885009B9D9F /* ViewControllers */,
				B62493CB2B70126E009B9D9F /* App */,
				B62493CC2B701289009B9D9F /* Storyboards */,
			);
			path = Sources;
			sourceTree = "<group>";
		};
		B62493CB2B70126E009B9D9F /* App */ = {
			isa = PBXGroup;
			children = (
				B62493AF2B700B59009B9D9F /* AppDelegate.swift */,
				B62493B12B700B59009B9D9F /* SceneDelegate.swift */,
			);
			path = App;
			sourceTree = "<group>";
		};
		B62493CC2B701289009B9D9F /* Storyboards */ = {
			isa = PBXGroup;
			children = (
				B62493BA2B700B5A009B9D9F /* LaunchScreen.storyboard */,
			);
			path = Storyboards;
			sourceTree = "<group>";
		};
		B62493CD2B701885009B9D9F /* ViewControllers */ = {
			isa = PBXGroup;
			children = (
				B62493B32B700B59009B9D9F /* AlbumsViewController.swift */,
			);
			path = ViewControllers;
			sourceTree = "<group>";
		};
		B62493CE2B701894009B9D9F /* Views */ = {
			isa = PBXGroup;
			children = (
				B624940E2B73B49F009B9D9F /* LibraryViewController.swift */,
				B62494102B73B5E4009B9D9F /* ForYouViewController.swift */,
				B62494122B73B620009B9D9F /* SearchViewController.swift */,
				B62494162B747717009B9D9F /* CustomHeader.swift */,
			);
			path = Views;
			sourceTree = "<group>";
		};
		B62493CF2B70189D009B9D9F /* Models */ = {
			isa = PBXGroup;
			children = (
				B62494142B745C70009B9D9F /* ImageCellModel.swift */,
			);
			path = Models;
			sourceTree = "<group>";
		};
		B62494182B750FF4009B9D9F /* Cells */ = {
			isa = PBXGroup;
			children = (
				B62493D82B702522009B9D9F /* ImageCell.swift */,
				B62494192B7580E6009B9D9F /* SharedCell.swift */,
			);
			path = Cells;
			sourceTree = "<group>";
		};
/* End PBXGroup section */

/* Begin PBXNativeTarget section */
		B62493AB2B700B59009B9D9F /* iOS12-HW14-Andrey-Manuilov */ = {
			isa = PBXNativeTarget;
			buildConfigurationList = B62493C02B700B5A009B9D9F /* Build configuration list for PBXNativeTarget "iOS12-HW14-Andrey-Manuilov" */;
			buildPhases = (
				B62493A82B700B59009B9D9F /* Sources */,
				B62493A92B700B59009B9D9F /* Frameworks */,
				B62493AA2B700B59009B9D9F /* Resources */,
			);
			buildRules = (
			);
			dependencies = (
			);
			name = "iOS12-HW14-Andrey-Manuilov";
			packageProductDependencies = (
				B62493D42B701C46009B9D9F /* SnapKit */,
				B62493D62B701C46009B9D9F /* SnapKit-Dynamic */,
			);
			productName = "iOS12-HW14-Andrey-Manuilov";
			productReference = B62493AC2B700B59009B9D9F /* iOS12-HW14-Andrey-Manuilov.app */;
			productType = "com.apple.product-type.application";
		};
/* End PBXNativeTarget section */

/* Begin PBXProject section */
		B62493A42B700B59009B9D9F /* Project object */ = {
			isa = PBXProject;
			attributes = {
				BuildIndependentTargetsInParallel = 1;
				LastSwiftUpdateCheck = 1500;
				LastUpgradeCheck = 1500;
				TargetAttributes = {
					B62493AB2B700B59009B9D9F = {
						CreatedOnToolsVersion = 15.0;
					};
				};
			};
			buildConfigurationList = B62493A72B700B59009B9D9F /* Build configuration list for PBXProject "iOS12-HW14-Andrey-Manuilov" */;
			compatibilityVersion = "Xcode 14.0";
			developmentRegion = en;
			hasScannedForEncodings = 0;
			knownRegions = (
				en,
				Base,
			);
			mainGroup = B62493A32B700B59009B9D9F;
			packageReferences = (
				B62493D32B701C46009B9D9F /* XCRemoteSwiftPackageReference "SnapKit" */,
			);
			productRefGroup = B62493AD2B700B59009B9D9F /* Products */;
			projectDirPath = "";
			projectRoot = "";
			targets = (
				B62493AB2B700B59009B9D9F /* iOS12-HW14-Andrey-Manuilov */,
			);
		};
/* End PBXProject section */

/* Begin PBXResourcesBuildPhase section */
		B62493AA2B700B59009B9D9F /* Resources */ = {
			isa = PBXResourcesBuildPhase;
			buildActionMask = 2147483647;
			files = (
				B62493C42B700FB1009B9D9F /* .gitignore in Resources */,
				B62493BC2B700B5A009B9D9F /* LaunchScreen.storyboard in Resources */,
				B62493C72B700FCE009B9D9F /* README.md in Resources */,
				B62493B92B700B5A009B9D9F /* Assets.xcassets in Resources */,
			);
			runOnlyForDeploymentPostprocessing = 0;
		};
/* End PBXResourcesBuildPhase section */

/* Begin PBXSourcesBuildPhase section */
		B62493A82B700B59009B9D9F /* Sources */ = {
			isa = PBXSourcesBuildPhase;
			buildActionMask = 2147483647;
			files = (
				B62493B42B700B59009B9D9F /* AlbumsViewController.swift in Sources */,
				B624941A2B7580E6009B9D9F /* SharedCell.swift in Sources */,
				B62494132B73B620009B9D9F /* SearchViewController.swift in Sources */,
				B624940F2B73B49F009B9D9F /* LibraryViewController.swift in Sources */,
				B62494152B745C70009B9D9F /* ImageCellModel.swift in Sources */,
				B62494112B73B5E4009B9D9F /* ForYouViewController.swift in Sources */,
				B62493B02B700B59009B9D9F /* AppDelegate.swift in Sources */,
				B62493B22B700B59009B9D9F /* SceneDelegate.swift in Sources */,
				B62493D92B702522009B9D9F /* ImageCell.swift in Sources */,
				B62494172B747717009B9D9F /* CustomHeader.swift in Sources */,
			);
			runOnlyForDeploymentPostprocessing = 0;
		};
/* End PBXSourcesBuildPhase section */

/* Begin PBXVariantGroup section */
		B62493BA2B700B5A009B9D9F /* LaunchScreen.storyboard */ = {
			isa = PBXVariantGroup;
			children = (
				B62493BB2B700B5A009B9D9F /* Base */,
			);
			name = LaunchScreen.storyboard;
			sourceTree = "<group>";
		};
/* End PBXVariantGroup section */

/* Begin XCBuildConfiguration section */
		B62493BE2B700B5A009B9D9F /* Debug */ = {
			isa = XCBuildConfiguration;
			buildSettings = {
				ALWAYS_SEARCH_USER_PATHS = NO;
				ASSETCATALOG_COMPILER_GENERATE_SWIFT_ASSET_SYMBOL_EXTENSIONS = YES;
				CLANG_ANALYZER_NONNULL = YES;
				CLANG_ANALYZER_NUMBER_OBJECT_CONVERSION = YES_AGGRESSIVE;
				CLANG_CXX_LANGUAGE_STANDARD = "gnu++20";
				CLANG_ENABLE_MODULES = YES;
				CLANG_ENABLE_OBJC_ARC = YES;
				CLANG_ENABLE_OBJC_WEAK = YES;
				CLANG_WARN_BLOCK_CAPTURE_AUTORELEASING = YES;
				CLANG_WARN_BOOL_CONVERSION = YES;
				CLANG_WARN_COMMA = YES;
				CLANG_WARN_CONSTANT_CONVERSION = YES;
				CLANG_WARN_DEPRECATED_OBJC_IMPLEMENTATIONS = YES;
				CLANG_WARN_DIRECT_OBJC_ISA_USAGE = YES_ERROR;
				CLANG_WARN_DOCUMENTATION_COMMENTS = YES;
				CLANG_WARN_EMPTY_BODY = YES;
				CLANG_WARN_ENUM_CONVERSION = YES;
				CLANG_WARN_INFINITE_RECURSION = YES;
				CLANG_WARN_INT_CONVERSION = YES;
				CLANG_WARN_NON_LITERAL_NULL_CONVERSION = YES;
				CLANG_WARN_OBJC_IMPLICIT_RETAIN_SELF = YES;
				CLANG_WARN_OBJC_LITERAL_CONVERSION = YES;
				CLANG_WARN_OBJC_ROOT_CLASS = YES_ERROR;
				CLANG_WARN_QUOTED_INCLUDE_IN_FRAMEWORK_HEADER = YES;
				CLANG_WARN_RANGE_LOOP_ANALYSIS = YES;
				CLANG_WARN_STRICT_PROTOTYPES = YES;
				CLANG_WARN_SUSPICIOUS_MOVE = YES;
				CLANG_WARN_UNGUARDED_AVAILABILITY = YES_AGGRESSIVE;
				CLANG_WARN_UNREACHABLE_CODE = YES;
				CLANG_WARN__DUPLICATE_METHOD_MATCH = YES;
				COPY_PHASE_STRIP = NO;
				DEBUG_INFORMATION_FORMAT = dwarf;
				ENABLE_STRICT_OBJC_MSGSEND = YES;
				ENABLE_TESTABILITY = YES;
				ENABLE_USER_SCRIPT_SANDBOXING = YES;
				GCC_C_LANGUAGE_STANDARD = gnu17;
				GCC_DYNAMIC_NO_PIC = NO;
				GCC_NO_COMMON_BLOCKS = YES;
				GCC_OPTIMIZATION_LEVEL = 0;
				GCC_PREPROCESSOR_DEFINITIONS = (
					"DEBUG=1",
					"$(inherited)",
				);
				GCC_WARN_64_TO_32_BIT_CONVERSION = YES;
				GCC_WARN_ABOUT_RETURN_TYPE = YES_ERROR;
				GCC_WARN_UNDECLARED_SELECTOR = YES;
				GCC_WARN_UNINITIALIZED_AUTOS = YES_AGGRESSIVE;
				GCC_WARN_UNUSED_FUNCTION = YES;
				GCC_WARN_UNUSED_VARIABLE = YES;
				IPHONEOS_DEPLOYMENT_TARGET = 17.0;
				LOCALIZATION_PREFERS_STRING_CATALOGS = YES;
				MTL_ENABLE_DEBUG_INFO = INCLUDE_SOURCE;
				MTL_FAST_MATH = YES;
				ONLY_ACTIVE_ARCH = YES;
				SDKROOT = iphoneos;
				SWIFT_ACTIVE_COMPILATION_CONDITIONS = "DEBUG $(inherited)";
				SWIFT_OPTIMIZATION_LEVEL = "-Onone";
			};
			name = Debug;
		};
		B62493BF2B700B5A009B9D9F /* Release */ = {
			isa = XCBuildConfiguration;
			buildSettings = {
				ALWAYS_SEARCH_USER_PATHS = NO;
				ASSETCATALOG_COMPILER_GENERATE_SWIFT_ASSET_SYMBOL_EXTENSIONS = YES;
				CLANG_ANALYZER_NONNULL = YES;
				CLANG_ANALYZER_NUMBER_OBJECT_CONVERSION = YES_AGGRESSIVE;
				CLANG_CXX_LANGUAGE_STANDARD = "gnu++20";
				CLANG_ENABLE_MODULES = YES;
				CLANG_ENABLE_OBJC_ARC = YES;
				CLANG_ENABLE_OBJC_WEAK = YES;
				CLANG_WARN_BLOCK_CAPTURE_AUTORELEASING = YES;
				CLANG_WARN_BOOL_CONVERSION = YES;
				CLANG_WARN_COMMA = YES;
				CLANG_WARN_CONSTANT_CONVERSION = YES;
				CLANG_WARN_DEPRECATED_OBJC_IMPLEMENTATIONS = YES;
				CLANG_WARN_DIRECT_OBJC_ISA_USAGE = YES_ERROR;
				CLANG_WARN_DOCUMENTATION_COMMENTS = YES;
				CLANG_WARN_EMPTY_BODY = YES;
				CLANG_WARN_ENUM_CONVERSION = YES;
				CLANG_WARN_INFINITE_RECURSION = YES;
				CLANG_WARN_INT_CONVERSION = YES;
				CLANG_WARN_NON_LITERAL_NULL_CONVERSION = YES;
				CLANG_WARN_OBJC_IMPLICIT_RETAIN_SELF = YES;
				CLANG_WARN_OBJC_LITERAL_CONVERSION = YES;
				CLANG_WARN_OBJC_ROOT_CLASS = YES_ERROR;
				CLANG_WARN_QUOTED_INCLUDE_IN_FRAMEWORK_HEADER = YES;
				CLANG_WARN_RANGE_LOOP_ANALYSIS = YES;
				CLANG_WARN_STRICT_PROTOTYPES = YES;
				CLANG_WARN_SUSPICIOUS_MOVE = YES;
				CLANG_WARN_UNGUARDED_AVAILABILITY = YES_AGGRESSIVE;
				CLANG_WARN_UNREACHABLE_CODE = YES;
				CLANG_WARN__DUPLICATE_METHOD_MATCH = YES;
				COPY_PHASE_STRIP = NO;
				DEBUG_INFORMATION_FORMAT = "dwarf-with-dsym";
				ENABLE_NS_ASSERTIONS = NO;
				ENABLE_STRICT_OBJC_MSGSEND = YES;
				ENABLE_USER_SCRIPT_SANDBOXING = YES;
				GCC_C_LANGUAGE_STANDARD = gnu17;
				GCC_NO_COMMON_BLOCKS = YES;
				GCC_WARN_64_TO_32_BIT_CONVERSION = YES;
				GCC_WARN_ABOUT_RETURN_TYPE = YES_ERROR;
				GCC_WARN_UNDECLARED_SELECTOR = YES;
				GCC_WARN_UNINITIALIZED_AUTOS = YES_AGGRESSIVE;
				GCC_WARN_UNUSED_FUNCTION = YES;
				GCC_WARN_UNUSED_VARIABLE = YES;
				IPHONEOS_DEPLOYMENT_TARGET = 17.0;
				LOCALIZATION_PREFERS_STRING_CATALOGS = YES;
				MTL_ENABLE_DEBUG_INFO = NO;
				MTL_FAST_MATH = YES;
				SDKROOT = iphoneos;
				SWIFT_COMPILATION_MODE = wholemodule;
				VALIDATE_PRODUCT = YES;
			};
			name = Release;
		};
		B62493C12B700B5A009B9D9F /* Debug */ = {
			isa = XCBuildConfiguration;
			buildSettings = {
				ASSETCATALOG_COMPILER_APPICON_NAME = AppIcon;
				ASSETCATALOG_COMPILER_GLOBAL_ACCENT_COLOR_NAME = AccentColor;
				CODE_SIGN_STYLE = Automatic;
				CURRENT_PROJECT_VERSION = 1;
				GENERATE_INFOPLIST_FILE = YES;
				INFOPLIST_FILE = "iOS12-HW14-Andrey-Manuilov/Resources/Configuration/Info.plist";
				INFOPLIST_KEY_UIApplicationSupportsIndirectInputEvents = YES;
				INFOPLIST_KEY_UILaunchStoryboardName = LaunchScreen;
				INFOPLIST_KEY_UIMainStoryboardFile = LaunchScreen;
				INFOPLIST_KEY_UISupportedInterfaceOrientations = UIInterfaceOrientationPortrait;
				INFOPLIST_KEY_UISupportedInterfaceOrientations_iPad = "UIInterfaceOrientationLandscapeLeft UIInterfaceOrientationLandscapeRight UIInterfaceOrientationPortrait UIInterfaceOrientationPortraitUpsideDown";
				IPHONEOS_DEPLOYMENT_TARGET = 15.5;
				LD_RUNPATH_SEARCH_PATHS = (
					"$(inherited)",
					"@executable_path/Frameworks",
				);
				MARKETING_VERSION = 1.0;
				PRODUCT_BUNDLE_IDENTIFIER = "com.my.iOS12-HW14-Andrey-Manuilov";
				PRODUCT_NAME = "$(TARGET_NAME)";
				SUPPORTED_PLATFORMS = "iphoneos iphonesimulator";
				SUPPORTS_MACCATALYST = NO;
				SWIFT_EMIT_LOC_STRINGS = YES;
				SWIFT_VERSION = 5.0;
				TARGETED_DEVICE_FAMILY = 1;
			};
			name = Debug;
		};
		B62493C22B700B5A009B9D9F /* Release */ = {
			isa = XCBuildConfiguration;
			buildSettings = {
				ASSETCATALOG_COMPILER_APPICON_NAME = AppIcon;
				ASSETCATALOG_COMPILER_GLOBAL_ACCENT_COLOR_NAME = AccentColor;
				CODE_SIGN_STYLE = Automatic;
				CURRENT_PROJECT_VERSION = 1;
				GENERATE_INFOPLIST_FILE = YES;
				INFOPLIST_FILE = "iOS12-HW14-Andrey-Manuilov/Resources/Configuration/Info.plist";
				INFOPLIST_KEY_UIApplicationSupportsIndirectInputEvents = YES;
				INFOPLIST_KEY_UILaunchStoryboardName = LaunchScreen;
				INFOPLIST_KEY_UIMainStoryboardFile = LaunchScreen;
				INFOPLIST_KEY_UISupportedInterfaceOrientations = UIInterfaceOrientationPortrait;
				INFOPLIST_KEY_UISupportedInterfaceOrientations_iPad = "UIInterfaceOrientationLandscapeLeft UIInterfaceOrientationLandscapeRight UIInterfaceOrientationPortrait UIInterfaceOrientationPortraitUpsideDown";
				IPHONEOS_DEPLOYMENT_TARGET = 15.5;
				LD_RUNPATH_SEARCH_PATHS = (
					"$(inherited)",
					"@executable_path/Frameworks",
				);
				MARKETING_VERSION = 1.0;
				PRODUCT_BUNDLE_IDENTIFIER = "com.my.iOS12-HW14-Andrey-Manuilov";
				PRODUCT_NAME = "$(TARGET_NAME)";
				SUPPORTED_PLATFORMS = "iphoneos iphonesimulator";
				SUPPORTS_MACCATALYST = NO;
				SWIFT_EMIT_LOC_STRINGS = YES;
				SWIFT_VERSION = 5.0;
				TARGETED_DEVICE_FAMILY = 1;
			};
			name = Release;
		};
/* End XCBuildConfiguration section */

/* Begin XCConfigurationList section */
		B62493A72B700B59009B9D9F /* Build configuration list for PBXProject "iOS12-HW14-Andrey-Manuilov" */ = {
			isa = XCConfigurationList;
			buildConfigurations = (
				B62493BE2B700B5A009B9D9F /* Debug */,
				B62493BF2B700B5A009B9D9F /* Release */,
			);
			defaultConfigurationIsVisible = 0;
			defaultConfigurationName = Release;
		};
		B62493C02B700B5A009B9D9F /* Build configuration list for PBXNativeTarget "iOS12-HW14-Andrey-Manuilov" */ = {
			isa = XCConfigurationList;
			buildConfigurations = (
				B62493C12B700B5A009B9D9F /* Debug */,
				B62493C22B700B5A009B9D9F /* Release */,
			);
			defaultConfigurationIsVisible = 0;
			defaultConfigurationName = Release;
		};
/* End XCConfigurationList section */

/* Begin XCRemoteSwiftPackageReference section */
		B62493D32B701C46009B9D9F /* XCRemoteSwiftPackageReference "SnapKit" */ = {
			isa = XCRemoteSwiftPackageReference;
			repositoryURL = "https://github.com/SnapKit/SnapKit";
			requirement = {
				kind = upToNextMajorVersion;
				minimumVersion = 5.7.0;
			};
		};
/* End XCRemoteSwiftPackageReference section */

/* Begin XCSwiftPackageProductDependency section */
		B62493D42B701C46009B9D9F /* SnapKit */ = {
			isa = XCSwiftPackageProductDependency;
			package = B62493D32B701C46009B9D9F /* XCRemoteSwiftPackageReference "SnapKit" */;
			productName = SnapKit;
		};
		B62493D62B701C46009B9D9F /* SnapKit-Dynamic */ = {
			isa = XCSwiftPackageProductDependency;
			package = B62493D32B701C46009B9D9F /* XCRemoteSwiftPackageReference "SnapKit" */;
			productName = "SnapKit-Dynamic";
		};
/* End XCSwiftPackageProductDependency section */
	};
	rootObject = B62493A42B700B59009B9D9F /* Project object */;
}
